// !$*UTF8*$!
{
	archiveVersion = 1;
	classes = {
	};
	objectVersion = 56;
	objects = {

/* Begin PBXBuildFile section */
		FF2D88E52B4D726D00501151 /* HostingContentConfiguration.swift in Sources */ = {isa = PBXBuildFile; fileRef = FF2D88E42B4D726D00501151 /* HostingContentConfiguration.swift */; };
		FF3411102B46F6AA0094061E /* APIError.swift in Sources */ = {isa = PBXBuildFile; fileRef = FF34110F2B46F6AA0094061E /* APIError.swift */; };
		FF3411132B46F8340094061E /* APIConstants.swift in Sources */ = {isa = PBXBuildFile; fileRef = FF3411122B46F8340094061E /* APIConstants.swift */; };
		FF3411152B46F8690094061E /* Constants.swift in Sources */ = {isa = PBXBuildFile; fileRef = FF3411142B46F8690094061E /* Constants.swift */; };
		FF34111E2B47E2410094061E /* NewsCell.swift in Sources */ = {isa = PBXBuildFile; fileRef = FF98883B2B4141E6001A8F43 /* NewsCell.swift */; };
		FF3411202B47E24C0094061E /* NewsCategoryHeader.swift in Sources */ = {isa = PBXBuildFile; fileRef = FF9888402B414E4E001A8F43 /* NewsCategoryHeader.swift */; };
		FF3411222B47E45D0094061E /* NewsArticle.swift in Sources */ = {isa = PBXBuildFile; fileRef = FF9888212B4025CA001A8F43 /* NewsArticle.swift */; };
		FF3411232B47E4710094061E /* ArticleSource.swift in Sources */ = {isa = PBXBuildFile; fileRef = FF9888462B4174B1001A8F43 /* ArticleSource.swift */; };
		FF3411242B47E4740094061E /* Source.swift in Sources */ = {isa = PBXBuildFile; fileRef = FF9888532B453638001A8F43 /* Source.swift */; };
		FF3411252B47E4770094061E /* Country.swift in Sources */ = {isa = PBXBuildFile; fileRef = FF9888552B453666001A8F43 /* Country.swift */; };
		FF3411262B47E47A0094061E /* Language.swift in Sources */ = {isa = PBXBuildFile; fileRef = FF9888572B453685001A8F43 /* Language.swift */; };
		FF3411272B47E47E0094061E /* NewsResponse.swift in Sources */ = {isa = PBXBuildFile; fileRef = FF9888442B417484001A8F43 /* NewsResponse.swift */; };
		FF3411282B47E4A00094061E /* Constants.swift in Sources */ = {isa = PBXBuildFile; fileRef = FF3411142B46F8690094061E /* Constants.swift */; };
		FF3411292B47E4A50094061E /* String+Extension.swift in Sources */ = {isa = PBXBuildFile; fileRef = FF98887A2B46E700001A8F43 /* String+Extension.swift */; };
		FF34112B2B47EB480094061E /* StringExtensionTests.swift in Sources */ = {isa = PBXBuildFile; fileRef = FF34112A2B47EB480094061E /* StringExtensionTests.swift */; };
		FF3411312B47F40D0094061E /* news.json in Resources */ = {isa = PBXBuildFile; fileRef = FF3411302B47F40D0094061E /* news.json */; };
		FF3411332B47F64F0094061E /* HomeViewModelTests.swift in Sources */ = {isa = PBXBuildFile; fileRef = FF3411322B47F64F0094061E /* HomeViewModelTests.swift */; };
		FF3411342B47F6820094061E /* MockNewsAPI.swift in Sources */ = {isa = PBXBuildFile; fileRef = FF34112C2B47F2F30094061E /* MockNewsAPI.swift */; };
		FF3411352B47F6880094061E /* news.json in Resources */ = {isa = PBXBuildFile; fileRef = FF3411302B47F40D0094061E /* news.json */; };
		FF3411362B47F68B0094061E /* filterCategories.json in Resources */ = {isa = PBXBuildFile; fileRef = FF9888672B453FEA001A8F43 /* filterCategories.json */; };
		FF3411372B47F68F0094061E /* categories.json in Resources */ = {isa = PBXBuildFile; fileRef = FF9888652B453E73001A8F43 /* categories.json */; };
		FF3411382B47F6920094061E /* languages.json in Resources */ = {isa = PBXBuildFile; fileRef = FF9888632B453D4F001A8F43 /* languages.json */; };
		FF3411392B47F6950094061E /* countries.json in Resources */ = {isa = PBXBuildFile; fileRef = FF9888612B453C77001A8F43 /* countries.json */; };
		FF34113A2B47F6A00094061E /* HomeViewModel.swift in Sources */ = {isa = PBXBuildFile; fileRef = FF9888182B4023D3001A8F43 /* HomeViewModel.swift */; };
		FF34113B2B47F88E0094061E /* NewsUseCase.swift in Sources */ = {isa = PBXBuildFile; fileRef = FF9888242B40261E001A8F43 /* NewsUseCase.swift */; };
		FF34113C2B47F8A20094061E /* NewsAPI.swift in Sources */ = {isa = PBXBuildFile; fileRef = FF9888352B413FAF001A8F43 /* NewsAPI.swift */; };
		FF34113D2B47F8C70094061E /* APIConstants.swift in Sources */ = {isa = PBXBuildFile; fileRef = FF3411122B46F8340094061E /* APIConstants.swift */; };
		FF34113E2B47F8D70094061E /* MockAPIError.swift in Sources */ = {isa = PBXBuildFile; fileRef = FF34112E2B47F3830094061E /* MockAPIError.swift */; };
		FF34113F2B47F8DA0094061E /* APIError.swift in Sources */ = {isa = PBXBuildFile; fileRef = FF34110F2B46F6AA0094061E /* APIError.swift */; };
		FF3411402B47F8EC0094061E /* APIClient.swift in Sources */ = {isa = PBXBuildFile; fileRef = FF9888332B40434C001A8F43 /* APIClient.swift */; };
		FF3411422B47FEF80094061E /* NewsListViewModelTests.swift in Sources */ = {isa = PBXBuildFile; fileRef = FF3411412B47FEF80094061E /* NewsListViewModelTests.swift */; };
		FF3411432B47FF030094061E /* NewsListViewModel.swift in Sources */ = {isa = PBXBuildFile; fileRef = FF98884A2B4411E6001A8F43 /* NewsListViewModel.swift */; };
		FF3411442B4802880094061E /* NewsDetailsViewModel.swift in Sources */ = {isa = PBXBuildFile; fileRef = FF9888712B457AEE001A8F43 /* NewsDetailsViewModel.swift */; };
		FF3411462B4802FD0094061E /* NewsDetailsViewModelTests.swift in Sources */ = {isa = PBXBuildFile; fileRef = FF3411452B4802FD0094061E /* NewsDetailsViewModelTests.swift */; };
		FF3411482B4804470094061E /* SearchNewsViewModelTests.swift in Sources */ = {isa = PBXBuildFile; fileRef = FF3411472B4804470094061E /* SearchNewsViewModelTests.swift */; };
		FF3411492B48045F0094061E /* SearchNewsViewModel.swift in Sources */ = {isa = PBXBuildFile; fileRef = FF98886C2B456C2D001A8F43 /* SearchNewsViewModel.swift */; };
		FF34114D2B480F470094061E /* sourcesResponse.json in Resources */ = {isa = PBXBuildFile; fileRef = FF34114C2B480F470094061E /* sourcesResponse.json */; };
		FF34114F2B48100C0094061E /* FilterViewModelTests.swift in Sources */ = {isa = PBXBuildFile; fileRef = FF34114E2B48100C0094061E /* FilterViewModelTests.swift */; };
		FF3411502B4810330094061E /* FilterViewModel.swift in Sources */ = {isa = PBXBuildFile; fileRef = FF98884F2B452D18001A8F43 /* FilterViewModel.swift */; };
		FF3411512B4810480094061E /* MockFilterOptionsAPI.swift in Sources */ = {isa = PBXBuildFile; fileRef = FF34114A2B480ED40094061E /* MockFilterOptionsAPI.swift */; };
		FF3411522B4812520094061E /* FilterOptionsUseCase.swift in Sources */ = {isa = PBXBuildFile; fileRef = FF9888592B4536C8001A8F43 /* FilterOptionsUseCase.swift */; };
		FF3411532B4812600094061E /* FilterOptionsAPI.swift in Sources */ = {isa = PBXBuildFile; fileRef = FF98885B2B4536FF001A8F43 /* FilterOptionsAPI.swift */; };
		FF3411542B4813050094061E /* DataProvider.swift in Sources */ = {isa = PBXBuildFile; fileRef = FF98885D2B453868001A8F43 /* DataProvider.swift */; };
		FF3F0B122B5545DE0044D115 /* UIViewController+NavigationBarButton.swift in Sources */ = {isa = PBXBuildFile; fileRef = FF3F0B112B5545DE0044D115 /* UIViewController+NavigationBarButton.swift */; };
		FF3F0B142B5546130044D115 /* UIViewController+APIError.swift in Sources */ = {isa = PBXBuildFile; fileRef = FF3F0B132B5546130044D115 /* UIViewController+APIError.swift */; };
		FF3F0B162B55463E0044D115 /* UIViewController+ActivityIndicator.swift in Sources */ = {isa = PBXBuildFile; fileRef = FF3F0B152B55463E0044D115 /* UIViewController+ActivityIndicator.swift */; };
		FF3F0B1A2B554C490044D115 /* Coordinator.swift in Sources */ = {isa = PBXBuildFile; fileRef = FF3F0B192B554C490044D115 /* Coordinator.swift */; };
		FF3F0B1C2B554C730044D115 /* NewsAppCoordinator.swift in Sources */ = {isa = PBXBuildFile; fileRef = FF3F0B1B2B554C730044D115 /* NewsAppCoordinator.swift */; };
		FF3F0B1F2B5679430044D115 /* Development.xcconfig in Resources */ = {isa = PBXBuildFile; fileRef = FF3F0B1E2B5679430044D115 /* Development.xcconfig */; };
		FF3F0B202B5679490044D115 /* Development.xcconfig in Resources */ = {isa = PBXBuildFile; fileRef = FF3F0B1E2B5679430044D115 /* Development.xcconfig */; };
		FF3F0B212B5679490044D115 /* Development.xcconfig in Resources */ = {isa = PBXBuildFile; fileRef = FF3F0B1E2B5679430044D115 /* Development.xcconfig */; };
		FF3F0B272B5684DA0044D115 /* AppConfiguration.swift in Sources */ = {isa = PBXBuildFile; fileRef = FF3F0B262B5684DA0044D115 /* AppConfiguration.swift */; };
		FF3F0B282B5689980044D115 /* MockNewsAPI.swift in Sources */ = {isa = PBXBuildFile; fileRef = FF34112C2B47F2F30094061E /* MockNewsAPI.swift */; };
		FF3F0B292B56899A0044D115 /* MockAPIError.swift in Sources */ = {isa = PBXBuildFile; fileRef = FF34112E2B47F3830094061E /* MockAPIError.swift */; };
		FF3F0B2A2B56899E0044D115 /* MockFilterOptionsAPI.swift in Sources */ = {isa = PBXBuildFile; fileRef = FF34114A2B480ED40094061E /* MockFilterOptionsAPI.swift */; };
		FF88E22B2B500B7300B339F7 /* FeaturedNewsCellViewModel.swift in Sources */ = {isa = PBXBuildFile; fileRef = FF88E22A2B500B7300B339F7 /* FeaturedNewsCellViewModel.swift */; };
		FF88E22D2B50109700B339F7 /* FeaturedNewsCellModelTests.swift in Sources */ = {isa = PBXBuildFile; fileRef = FF88E22C2B50109700B339F7 /* FeaturedNewsCellModelTests.swift */; };
		FF88E22E2B5010A400B339F7 /* FeaturedNewsCellViewModel.swift in Sources */ = {isa = PBXBuildFile; fileRef = FF88E22A2B500B7300B339F7 /* FeaturedNewsCellViewModel.swift */; };
		FF88E2322B5123AC00B339F7 /* NewsCellViewModel.swift in Sources */ = {isa = PBXBuildFile; fileRef = FF88E2312B5123AC00B339F7 /* NewsCellViewModel.swift */; };
		FF88E2372B512CE200B339F7 /* NewsCellViewModelTests.swift in Sources */ = {isa = PBXBuildFile; fileRef = FF88E2362B512CE200B339F7 /* NewsCellViewModelTests.swift */; };
		FF88E2382B512D2400B339F7 /* NewsCellViewModel.swift in Sources */ = {isa = PBXBuildFile; fileRef = FF88E2312B5123AC00B339F7 /* NewsCellViewModel.swift */; };
		FF9887E32B3FF114001A8F43 /* AppDelegate.swift in Sources */ = {isa = PBXBuildFile; fileRef = FF9887E22B3FF114001A8F43 /* AppDelegate.swift */; };
		FF9887E52B3FF114001A8F43 /* SceneDelegate.swift in Sources */ = {isa = PBXBuildFile; fileRef = FF9887E42B3FF114001A8F43 /* SceneDelegate.swift */; };
		FF9887EC2B3FF117001A8F43 /* Assets.xcassets in Resources */ = {isa = PBXBuildFile; fileRef = FF9887EB2B3FF117001A8F43 /* Assets.xcassets */; };
		FF9887EF2B3FF117001A8F43 /* LaunchScreen.storyboard in Resources */ = {isa = PBXBuildFile; fileRef = FF9887ED2B3FF117001A8F43 /* LaunchScreen.storyboard */; };
		FF9888172B401527001A8F43 /* HomeViewController.swift in Sources */ = {isa = PBXBuildFile; fileRef = FF9888162B401527001A8F43 /* HomeViewController.swift */; };
		FF9888192B4023D3001A8F43 /* HomeViewModel.swift in Sources */ = {isa = PBXBuildFile; fileRef = FF9888182B4023D3001A8F43 /* HomeViewModel.swift */; };
		FF9888222B4025CA001A8F43 /* NewsArticle.swift in Sources */ = {isa = PBXBuildFile; fileRef = FF9888212B4025CA001A8F43 /* NewsArticle.swift */; };
		FF9888252B40261E001A8F43 /* NewsUseCase.swift in Sources */ = {isa = PBXBuildFile; fileRef = FF9888242B40261E001A8F43 /* NewsUseCase.swift */; };
		FF9888282B402B26001A8F43 /* FeaturedNewsItemCell.swift in Sources */ = {isa = PBXBuildFile; fileRef = FF9888262B402B26001A8F43 /* FeaturedNewsItemCell.swift */; };
		FF98882C2B402B89001A8F43 /* FeaturedNewsCell.swift in Sources */ = {isa = PBXBuildFile; fileRef = FF98882A2B402B89001A8F43 /* FeaturedNewsCell.swift */; };
		FF9888342B40434C001A8F43 /* APIClient.swift in Sources */ = {isa = PBXBuildFile; fileRef = FF9888332B40434C001A8F43 /* APIClient.swift */; };
		FF9888362B413FAF001A8F43 /* NewsAPI.swift in Sources */ = {isa = PBXBuildFile; fileRef = FF9888352B413FAF001A8F43 /* NewsAPI.swift */; };
		FF98883D2B4141E6001A8F43 /* NewsCell.swift in Sources */ = {isa = PBXBuildFile; fileRef = FF98883B2B4141E6001A8F43 /* NewsCell.swift */; };
		FF9888412B414E4E001A8F43 /* NewsCategoryHeader.swift in Sources */ = {isa = PBXBuildFile; fileRef = FF9888402B414E4E001A8F43 /* NewsCategoryHeader.swift */; };
		FF9888452B417484001A8F43 /* NewsResponse.swift in Sources */ = {isa = PBXBuildFile; fileRef = FF9888442B417484001A8F43 /* NewsResponse.swift */; };
		FF9888472B4174B1001A8F43 /* ArticleSource.swift in Sources */ = {isa = PBXBuildFile; fileRef = FF9888462B4174B1001A8F43 /* ArticleSource.swift */; };
		FF98884B2B4411E6001A8F43 /* NewsListViewModel.swift in Sources */ = {isa = PBXBuildFile; fileRef = FF98884A2B4411E6001A8F43 /* NewsListViewModel.swift */; };
		FF98884D2B44121E001A8F43 /* NewsListViewController.swift in Sources */ = {isa = PBXBuildFile; fileRef = FF98884C2B44121E001A8F43 /* NewsListViewController.swift */; };
		FF9888502B452D19001A8F43 /* FilterViewModel.swift in Sources */ = {isa = PBXBuildFile; fileRef = FF98884F2B452D18001A8F43 /* FilterViewModel.swift */; };
		FF9888522B452E4F001A8F43 /* FilterViewController.swift in Sources */ = {isa = PBXBuildFile; fileRef = FF9888512B452E4F001A8F43 /* FilterViewController.swift */; };
		FF9888542B453638001A8F43 /* Source.swift in Sources */ = {isa = PBXBuildFile; fileRef = FF9888532B453638001A8F43 /* Source.swift */; };
		FF9888562B453666001A8F43 /* Country.swift in Sources */ = {isa = PBXBuildFile; fileRef = FF9888552B453666001A8F43 /* Country.swift */; };
		FF9888582B453685001A8F43 /* Language.swift in Sources */ = {isa = PBXBuildFile; fileRef = FF9888572B453685001A8F43 /* Language.swift */; };
		FF98885A2B4536C8001A8F43 /* FilterOptionsUseCase.swift in Sources */ = {isa = PBXBuildFile; fileRef = FF9888592B4536C8001A8F43 /* FilterOptionsUseCase.swift */; };
		FF98885C2B4536FF001A8F43 /* FilterOptionsAPI.swift in Sources */ = {isa = PBXBuildFile; fileRef = FF98885B2B4536FF001A8F43 /* FilterOptionsAPI.swift */; };
		FF98885E2B453868001A8F43 /* DataProvider.swift in Sources */ = {isa = PBXBuildFile; fileRef = FF98885D2B453868001A8F43 /* DataProvider.swift */; };
		FF9888622B453C77001A8F43 /* countries.json in Resources */ = {isa = PBXBuildFile; fileRef = FF9888612B453C77001A8F43 /* countries.json */; };
		FF9888642B453D4F001A8F43 /* languages.json in Resources */ = {isa = PBXBuildFile; fileRef = FF9888632B453D4F001A8F43 /* languages.json */; };
		FF9888662B453E73001A8F43 /* categories.json in Resources */ = {isa = PBXBuildFile; fileRef = FF9888652B453E73001A8F43 /* categories.json */; };
		FF9888682B453FEA001A8F43 /* filterCategories.json in Resources */ = {isa = PBXBuildFile; fileRef = FF9888672B453FEA001A8F43 /* filterCategories.json */; };
		FF98886B2B456C0D001A8F43 /* SearchNewsListViewController.swift in Sources */ = {isa = PBXBuildFile; fileRef = FF98886A2B456C0D001A8F43 /* SearchNewsListViewController.swift */; };
		FF98886D2B456C2D001A8F43 /* SearchNewsViewModel.swift in Sources */ = {isa = PBXBuildFile; fileRef = FF98886C2B456C2D001A8F43 /* SearchNewsViewModel.swift */; };
		FF98886F2B457AB6001A8F43 /* NewsDetailsViewController.swift in Sources */ = {isa = PBXBuildFile; fileRef = FF98886E2B457AB6001A8F43 /* NewsDetailsViewController.swift */; };
		FF9888722B457AEE001A8F43 /* NewsDetailsViewModel.swift in Sources */ = {isa = PBXBuildFile; fileRef = FF9888712B457AEE001A8F43 /* NewsDetailsViewModel.swift */; };
		FF9888782B46BC9A001A8F43 /* NewsDetailView.swift in Sources */ = {isa = PBXBuildFile; fileRef = FF9888762B46BC9A001A8F43 /* NewsDetailView.swift */; };
		FF98887B2B46E700001A8F43 /* String+Extension.swift in Sources */ = {isa = PBXBuildFile; fileRef = FF98887A2B46E700001A8F43 /* String+Extension.swift */; };
		FFA59AFB2B4BF6540083D6E5 /* FilterViewControllerUITests.swift in Sources */ = {isa = PBXBuildFile; fileRef = FFA59AFA2B4BF6540083D6E5 /* FilterViewControllerUITests.swift */; };
		FFC873622B4E6F490080915E /* PromiseKit in Frameworks */ = {isa = PBXBuildFile; productRef = FFC873612B4E6F490080915E /* PromiseKit */; };
		FFC873652B4E758C0080915E /* SDWebImage in Frameworks */ = {isa = PBXBuildFile; productRef = FFC873642B4E758C0080915E /* SDWebImage */; };
		FFC873682B4E98610080915E /* SDWebImageSwiftUI in Frameworks */ = {isa = PBXBuildFile; productRef = FFC873672B4E98610080915E /* SDWebImageSwiftUI */; };
		FFC8736A2B4EA0210080915E /* NewsTitleView.swift in Sources */ = {isa = PBXBuildFile; fileRef = FFC873692B4EA0210080915E /* NewsTitleView.swift */; };
		FFC8736C2B4FBE690080915E /* SDWebImage in Frameworks */ = {isa = PBXBuildFile; productRef = FFC8736B2B4FBE690080915E /* SDWebImage */; };
/* End PBXBuildFile section */

/* Begin PBXContainerItemProxy section */
		FF9887F62B3FF117001A8F43 /* PBXContainerItemProxy */ = {
			isa = PBXContainerItemProxy;
			containerPortal = FF9887D72B3FF114001A8F43 /* Project object */;
			proxyType = 1;
			remoteGlobalIDString = FF9887DE2B3FF114001A8F43;
			remoteInfo = ExpressNews;
		};
		FF9888002B3FF118001A8F43 /* PBXContainerItemProxy */ = {
			isa = PBXContainerItemProxy;
			containerPortal = FF9887D72B3FF114001A8F43 /* Project object */;
			proxyType = 1;
			remoteGlobalIDString = FF9887DE2B3FF114001A8F43;
			remoteInfo = ExpressNews;
		};
/* End PBXContainerItemProxy section */

/* Begin PBXFileReference section */
		FF2D88E42B4D726D00501151 /* HostingContentConfiguration.swift */ = {isa = PBXFileReference; lastKnownFileType = sourcecode.swift; path = HostingContentConfiguration.swift; sourceTree = "<group>"; };
		FF34110F2B46F6AA0094061E /* APIError.swift */ = {isa = PBXFileReference; lastKnownFileType = sourcecode.swift; path = APIError.swift; sourceTree = "<group>"; };
		FF3411122B46F8340094061E /* APIConstants.swift */ = {isa = PBXFileReference; lastKnownFileType = sourcecode.swift; path = APIConstants.swift; sourceTree = "<group>"; };
		FF3411142B46F8690094061E /* Constants.swift */ = {isa = PBXFileReference; lastKnownFileType = sourcecode.swift; path = Constants.swift; sourceTree = "<group>"; };
		FF34112A2B47EB480094061E /* StringExtensionTests.swift */ = {isa = PBXFileReference; lastKnownFileType = sourcecode.swift; path = StringExtensionTests.swift; sourceTree = "<group>"; };
		FF34112C2B47F2F30094061E /* MockNewsAPI.swift */ = {isa = PBXFileReference; lastKnownFileType = sourcecode.swift; path = MockNewsAPI.swift; sourceTree = "<group>"; };
		FF34112E2B47F3830094061E /* MockAPIError.swift */ = {isa = PBXFileReference; lastKnownFileType = sourcecode.swift; path = MockAPIError.swift; sourceTree = "<group>"; };
		FF3411302B47F40D0094061E /* news.json */ = {isa = PBXFileReference; fileEncoding = 4; lastKnownFileType = text.json; path = news.json; sourceTree = "<group>"; };
		FF3411322B47F64F0094061E /* HomeViewModelTests.swift */ = {isa = PBXFileReference; lastKnownFileType = sourcecode.swift; path = HomeViewModelTests.swift; sourceTree = "<group>"; };
		FF3411412B47FEF80094061E /* NewsListViewModelTests.swift */ = {isa = PBXFileReference; lastKnownFileType = sourcecode.swift; path = NewsListViewModelTests.swift; sourceTree = "<group>"; };
		FF3411452B4802FD0094061E /* NewsDetailsViewModelTests.swift */ = {isa = PBXFileReference; lastKnownFileType = sourcecode.swift; path = NewsDetailsViewModelTests.swift; sourceTree = "<group>"; };
		FF3411472B4804470094061E /* SearchNewsViewModelTests.swift */ = {isa = PBXFileReference; lastKnownFileType = sourcecode.swift; path = SearchNewsViewModelTests.swift; sourceTree = "<group>"; };
		FF34114A2B480ED40094061E /* MockFilterOptionsAPI.swift */ = {isa = PBXFileReference; lastKnownFileType = sourcecode.swift; path = MockFilterOptionsAPI.swift; sourceTree = "<group>"; };
		FF34114C2B480F470094061E /* sourcesResponse.json */ = {isa = PBXFileReference; fileEncoding = 4; lastKnownFileType = text.json; path = sourcesResponse.json; sourceTree = "<group>"; };
		FF34114E2B48100C0094061E /* FilterViewModelTests.swift */ = {isa = PBXFileReference; lastKnownFileType = sourcecode.swift; path = FilterViewModelTests.swift; sourceTree = "<group>"; };
		FF3F0B112B5545DE0044D115 /* UIViewController+NavigationBarButton.swift */ = {isa = PBXFileReference; lastKnownFileType = sourcecode.swift; path = "UIViewController+NavigationBarButton.swift"; sourceTree = "<group>"; };
		FF3F0B132B5546130044D115 /* UIViewController+APIError.swift */ = {isa = PBXFileReference; lastKnownFileType = sourcecode.swift; path = "UIViewController+APIError.swift"; sourceTree = "<group>"; };
		FF3F0B152B55463E0044D115 /* UIViewController+ActivityIndicator.swift */ = {isa = PBXFileReference; lastKnownFileType = sourcecode.swift; path = "UIViewController+ActivityIndicator.swift"; sourceTree = "<group>"; };
		FF3F0B192B554C490044D115 /* Coordinator.swift */ = {isa = PBXFileReference; lastKnownFileType = sourcecode.swift; path = Coordinator.swift; sourceTree = "<group>"; };
		FF3F0B1B2B554C730044D115 /* NewsAppCoordinator.swift */ = {isa = PBXFileReference; lastKnownFileType = sourcecode.swift; path = NewsAppCoordinator.swift; sourceTree = "<group>"; };
		FF3F0B1E2B5679430044D115 /* Development.xcconfig */ = {isa = PBXFileReference; lastKnownFileType = text.xcconfig; path = Development.xcconfig; sourceTree = "<group>"; };
		FF3F0B262B5684DA0044D115 /* AppConfiguration.swift */ = {isa = PBXFileReference; lastKnownFileType = sourcecode.swift; path = AppConfiguration.swift; sourceTree = "<group>"; };
		FF88E22A2B500B7300B339F7 /* FeaturedNewsCellViewModel.swift */ = {isa = PBXFileReference; lastKnownFileType = sourcecode.swift; path = FeaturedNewsCellViewModel.swift; sourceTree = "<group>"; };
		FF88E22C2B50109700B339F7 /* FeaturedNewsCellModelTests.swift */ = {isa = PBXFileReference; lastKnownFileType = sourcecode.swift; path = FeaturedNewsCellModelTests.swift; sourceTree = "<group>"; };
		FF88E2312B5123AC00B339F7 /* NewsCellViewModel.swift */ = {isa = PBXFileReference; lastKnownFileType = sourcecode.swift; path = NewsCellViewModel.swift; sourceTree = "<group>"; };
		FF88E2362B512CE200B339F7 /* NewsCellViewModelTests.swift */ = {isa = PBXFileReference; lastKnownFileType = sourcecode.swift; path = NewsCellViewModelTests.swift; sourceTree = "<group>"; };
		FF9887DF2B3FF114001A8F43 /* ExpressNews.app */ = {isa = PBXFileReference; explicitFileType = wrapper.application; includeInIndex = 0; path = ExpressNews.app; sourceTree = BUILT_PRODUCTS_DIR; };
		FF9887E22B3FF114001A8F43 /* AppDelegate.swift */ = {isa = PBXFileReference; lastKnownFileType = sourcecode.swift; path = AppDelegate.swift; sourceTree = "<group>"; };
		FF9887E42B3FF114001A8F43 /* SceneDelegate.swift */ = {isa = PBXFileReference; lastKnownFileType = sourcecode.swift; path = SceneDelegate.swift; sourceTree = "<group>"; };
		FF9887EB2B3FF117001A8F43 /* Assets.xcassets */ = {isa = PBXFileReference; lastKnownFileType = folder.assetcatalog; path = Assets.xcassets; sourceTree = "<group>"; };
		FF9887EE2B3FF117001A8F43 /* Base */ = {isa = PBXFileReference; lastKnownFileType = file.storyboard; name = Base; path = Base.lproj/LaunchScreen.storyboard; sourceTree = "<group>"; };
		FF9887F02B3FF117001A8F43 /* Info.plist */ = {isa = PBXFileReference; lastKnownFileType = text.plist.xml; path = Info.plist; sourceTree = "<group>"; };
		FF9887F52B3FF117001A8F43 /* ExpressNewsTests.xctest */ = {isa = PBXFileReference; explicitFileType = wrapper.cfbundle; includeInIndex = 0; path = ExpressNewsTests.xctest; sourceTree = BUILT_PRODUCTS_DIR; };
		FF9887FF2B3FF118001A8F43 /* ExpressNewsUITests.xctest */ = {isa = PBXFileReference; explicitFileType = wrapper.cfbundle; includeInIndex = 0; path = ExpressNewsUITests.xctest; sourceTree = BUILT_PRODUCTS_DIR; };
		FF9888162B401527001A8F43 /* HomeViewController.swift */ = {isa = PBXFileReference; fileEncoding = 4; lastKnownFileType = sourcecode.swift; path = HomeViewController.swift; sourceTree = "<group>"; };
		FF9888182B4023D3001A8F43 /* HomeViewModel.swift */ = {isa = PBXFileReference; lastKnownFileType = sourcecode.swift; path = HomeViewModel.swift; sourceTree = "<group>"; };
		FF9888212B4025CA001A8F43 /* NewsArticle.swift */ = {isa = PBXFileReference; lastKnownFileType = sourcecode.swift; path = NewsArticle.swift; sourceTree = "<group>"; };
		FF9888242B40261E001A8F43 /* NewsUseCase.swift */ = {isa = PBXFileReference; lastKnownFileType = sourcecode.swift; path = NewsUseCase.swift; sourceTree = "<group>"; };
		FF9888262B402B26001A8F43 /* FeaturedNewsItemCell.swift */ = {isa = PBXFileReference; lastKnownFileType = sourcecode.swift; path = FeaturedNewsItemCell.swift; sourceTree = "<group>"; };
		FF98882A2B402B89001A8F43 /* FeaturedNewsCell.swift */ = {isa = PBXFileReference; lastKnownFileType = sourcecode.swift; path = FeaturedNewsCell.swift; sourceTree = "<group>"; };
		FF9888332B40434C001A8F43 /* APIClient.swift */ = {isa = PBXFileReference; lastKnownFileType = sourcecode.swift; path = APIClient.swift; sourceTree = "<group>"; };
		FF9888352B413FAF001A8F43 /* NewsAPI.swift */ = {isa = PBXFileReference; lastKnownFileType = sourcecode.swift; path = NewsAPI.swift; sourceTree = "<group>"; };
		FF98883B2B4141E6001A8F43 /* NewsCell.swift */ = {isa = PBXFileReference; lastKnownFileType = sourcecode.swift; path = NewsCell.swift; sourceTree = "<group>"; };
		FF9888402B414E4E001A8F43 /* NewsCategoryHeader.swift */ = {isa = PBXFileReference; lastKnownFileType = sourcecode.swift; path = NewsCategoryHeader.swift; sourceTree = "<group>"; };
		FF9888442B417484001A8F43 /* NewsResponse.swift */ = {isa = PBXFileReference; lastKnownFileType = sourcecode.swift; path = NewsResponse.swift; sourceTree = "<group>"; };
		FF9888462B4174B1001A8F43 /* ArticleSource.swift */ = {isa = PBXFileReference; lastKnownFileType = sourcecode.swift; path = ArticleSource.swift; sourceTree = "<group>"; };
		FF98884A2B4411E6001A8F43 /* NewsListViewModel.swift */ = {isa = PBXFileReference; lastKnownFileType = sourcecode.swift; path = NewsListViewModel.swift; sourceTree = "<group>"; };
		FF98884C2B44121E001A8F43 /* NewsListViewController.swift */ = {isa = PBXFileReference; lastKnownFileType = sourcecode.swift; path = NewsListViewController.swift; sourceTree = "<group>"; };
		FF98884F2B452D18001A8F43 /* FilterViewModel.swift */ = {isa = PBXFileReference; lastKnownFileType = sourcecode.swift; path = FilterViewModel.swift; sourceTree = "<group>"; };
		FF9888512B452E4F001A8F43 /* FilterViewController.swift */ = {isa = PBXFileReference; lastKnownFileType = sourcecode.swift; path = FilterViewController.swift; sourceTree = "<group>"; };
		FF9888532B453638001A8F43 /* Source.swift */ = {isa = PBXFileReference; lastKnownFileType = sourcecode.swift; path = Source.swift; sourceTree = "<group>"; };
		FF9888552B453666001A8F43 /* Country.swift */ = {isa = PBXFileReference; lastKnownFileType = sourcecode.swift; path = Country.swift; sourceTree = "<group>"; };
		FF9888572B453685001A8F43 /* Language.swift */ = {isa = PBXFileReference; lastKnownFileType = sourcecode.swift; path = Language.swift; sourceTree = "<group>"; };
		FF9888592B4536C8001A8F43 /* FilterOptionsUseCase.swift */ = {isa = PBXFileReference; lastKnownFileType = sourcecode.swift; path = FilterOptionsUseCase.swift; sourceTree = "<group>"; };
		FF98885B2B4536FF001A8F43 /* FilterOptionsAPI.swift */ = {isa = PBXFileReference; lastKnownFileType = sourcecode.swift; path = FilterOptionsAPI.swift; sourceTree = "<group>"; };
		FF98885D2B453868001A8F43 /* DataProvider.swift */ = {isa = PBXFileReference; lastKnownFileType = sourcecode.swift; path = DataProvider.swift; sourceTree = "<group>"; };
		FF9888612B453C77001A8F43 /* countries.json */ = {isa = PBXFileReference; fileEncoding = 4; lastKnownFileType = text.json; path = countries.json; sourceTree = "<group>"; };
		FF9888632B453D4F001A8F43 /* languages.json */ = {isa = PBXFileReference; fileEncoding = 4; lastKnownFileType = text.json; path = languages.json; sourceTree = "<group>"; };
		FF9888652B453E73001A8F43 /* categories.json */ = {isa = PBXFileReference; fileEncoding = 4; lastKnownFileType = text.json; path = categories.json; sourceTree = "<group>"; };
		FF9888672B453FEA001A8F43 /* filterCategories.json */ = {isa = PBXFileReference; fileEncoding = 4; lastKnownFileType = text.json; path = filterCategories.json; sourceTree = "<group>"; };
		FF98886A2B456C0D001A8F43 /* SearchNewsListViewController.swift */ = {isa = PBXFileReference; lastKnownFileType = sourcecode.swift; path = SearchNewsListViewController.swift; sourceTree = "<group>"; };
		FF98886C2B456C2D001A8F43 /* SearchNewsViewModel.swift */ = {isa = PBXFileReference; lastKnownFileType = sourcecode.swift; path = SearchNewsViewModel.swift; sourceTree = "<group>"; };
		FF98886E2B457AB6001A8F43 /* NewsDetailsViewController.swift */ = {isa = PBXFileReference; lastKnownFileType = sourcecode.swift; path = NewsDetailsViewController.swift; sourceTree = "<group>"; };
		FF9888712B457AEE001A8F43 /* NewsDetailsViewModel.swift */ = {isa = PBXFileReference; lastKnownFileType = sourcecode.swift; path = NewsDetailsViewModel.swift; sourceTree = "<group>"; };
		FF9888762B46BC9A001A8F43 /* NewsDetailView.swift */ = {isa = PBXFileReference; lastKnownFileType = sourcecode.swift; path = NewsDetailView.swift; sourceTree = "<group>"; };
		FF98887A2B46E700001A8F43 /* String+Extension.swift */ = {isa = PBXFileReference; lastKnownFileType = sourcecode.swift; path = "String+Extension.swift"; sourceTree = "<group>"; };
		FFA59AFA2B4BF6540083D6E5 /* FilterViewControllerUITests.swift */ = {isa = PBXFileReference; fileEncoding = 4; lastKnownFileType = sourcecode.swift; path = FilterViewControllerUITests.swift; sourceTree = "<group>"; };
		FFC873692B4EA0210080915E /* NewsTitleView.swift */ = {isa = PBXFileReference; lastKnownFileType = sourcecode.swift; path = NewsTitleView.swift; sourceTree = "<group>"; };
/* End PBXFileReference section */

/* Begin PBXFrameworksBuildPhase section */
		FF9887DC2B3FF114001A8F43 /* Frameworks */ = {
			isa = PBXFrameworksBuildPhase;
			buildActionMask = 2147483647;
			files = (
				FFC873682B4E98610080915E /* SDWebImageSwiftUI in Frameworks */,
				FFC873652B4E758C0080915E /* SDWebImage in Frameworks */,
				FFC873622B4E6F490080915E /* PromiseKit in Frameworks */,
			);
			runOnlyForDeploymentPostprocessing = 0;
		};
		FF9887F22B3FF117001A8F43 /* Frameworks */ = {
			isa = PBXFrameworksBuildPhase;
			buildActionMask = 2147483647;
			files = (
			);
			runOnlyForDeploymentPostprocessing = 0;
		};
		FF9887FC2B3FF118001A8F43 /* Frameworks */ = {
			isa = PBXFrameworksBuildPhase;
			buildActionMask = 2147483647;
			files = (
				FFC8736C2B4FBE690080915E /* SDWebImage in Frameworks */,
			);
			runOnlyForDeploymentPostprocessing = 0;
		};
/* End PBXFrameworksBuildPhase section */

/* Begin PBXGroup section */
		FF3411112B46F80D0094061E /* Common */ = {
			isa = PBXGroup;
			children = (
				FF88E2292B4FE93600B339F7 /* Constants */,
				FF98882E2B402FF7001A8F43 /* UIKitExtensions */,
			);
			path = Common;
			sourceTree = "<group>";
		};
		FF3F0B102B55447C0044D115 /* MockAPIs */ = {
			isa = PBXGroup;
			children = (
				FF34112E2B47F3830094061E /* MockAPIError.swift */,
				FF34112C2B47F2F30094061E /* MockNewsAPI.swift */,
				FF34114A2B480ED40094061E /* MockFilterOptionsAPI.swift */,
			);
			path = MockAPIs;
			sourceTree = "<group>";
		};
		FF3F0B172B55469B0044D115 /* UIViewController+Extension */ = {
			isa = PBXGroup;
			children = (
				FF3F0B112B5545DE0044D115 /* UIViewController+NavigationBarButton.swift */,
				FF3F0B132B5546130044D115 /* UIViewController+APIError.swift */,
				FF3F0B152B55463E0044D115 /* UIViewController+ActivityIndicator.swift */,
			);
			path = "UIViewController+Extension";
			sourceTree = "<group>";
		};
		FF3F0B182B554C1D0044D115 /* Coordinator */ = {
			isa = PBXGroup;
			children = (
				FF3F0B192B554C490044D115 /* Coordinator.swift */,
				FF3F0B1B2B554C730044D115 /* NewsAppCoordinator.swift */,
			);
			path = Coordinator;
			sourceTree = "<group>";
		};
		FF3F0B1D2B5679190044D115 /* Configuration */ = {
			isa = PBXGroup;
			children = (
				FF3F0B1E2B5679430044D115 /* Development.xcconfig */,
				FF3F0B262B5684DA0044D115 /* AppConfiguration.swift */,
			);
			path = Configuration;
			sourceTree = "<group>";
		};
		FF88E2292B4FE93600B339F7 /* Constants */ = {
			isa = PBXGroup;
			children = (
				FF3411122B46F8340094061E /* APIConstants.swift */,
				FF3411142B46F8690094061E /* Constants.swift */,
			);
			path = Constants;
			sourceTree = "<group>";
		};
		FF9887D62B3FF114001A8F43 = {
			isa = PBXGroup;
			children = (
				FF9887E12B3FF114001A8F43 /* ExpressNews */,
				FF9887F82B3FF117001A8F43 /* ExpressNewsTests */,
				FF9888022B3FF118001A8F43 /* ExpressNewsUITests */,
				FF9887E02B3FF114001A8F43 /* Products */,
			);
			sourceTree = "<group>";
		};
		FF9887E02B3FF114001A8F43 /* Products */ = {
			isa = PBXGroup;
			children = (
				FF9887DF2B3FF114001A8F43 /* ExpressNews.app */,
				FF9887F52B3FF117001A8F43 /* ExpressNewsTests.xctest */,
				FF9887FF2B3FF118001A8F43 /* ExpressNewsUITests.xctest */,
			);
			name = Products;
			sourceTree = "<group>";
		};
		FF9887E12B3FF114001A8F43 /* ExpressNews */ = {
			isa = PBXGroup;
			children = (
				FF9887E22B3FF114001A8F43 /* AppDelegate.swift */,
				FF9887E42B3FF114001A8F43 /* SceneDelegate.swift */,
				FF3F0B182B554C1D0044D115 /* Coordinator */,
				FF3F0B1D2B5679190044D115 /* Configuration */,
				FF98885F2B453BDB001A8F43 /* Resources */,
				FF9888322B404281001A8F43 /* Network */,
				FF9888202B4025AD001A8F43 /* Models */,
				FF3411112B46F80D0094061E /* Common */,
				FF9888392B414147001A8F43 /* Modules */,
				FF9887EB2B3FF117001A8F43 /* Assets.xcassets */,
				FF9887ED2B3FF117001A8F43 /* LaunchScreen.storyboard */,
				FF9887F02B3FF117001A8F43 /* Info.plist */,
			);
			path = ExpressNews;
			sourceTree = "<group>";
		};
		FF9887F82B3FF117001A8F43 /* ExpressNewsTests */ = {
			isa = PBXGroup;
			children = (
				FF3F0B102B55447C0044D115 /* MockAPIs */,
				FF34112A2B47EB480094061E /* StringExtensionTests.swift */,
				FF3411322B47F64F0094061E /* HomeViewModelTests.swift */,
				FF3411412B47FEF80094061E /* NewsListViewModelTests.swift */,
				FF3411452B4802FD0094061E /* NewsDetailsViewModelTests.swift */,
				FF3411472B4804470094061E /* SearchNewsViewModelTests.swift */,
				FF34114E2B48100C0094061E /* FilterViewModelTests.swift */,
				FF88E22C2B50109700B339F7 /* FeaturedNewsCellModelTests.swift */,
				FF88E2362B512CE200B339F7 /* NewsCellViewModelTests.swift */,
			);
			path = ExpressNewsTests;
			sourceTree = "<group>";
		};
		FF9888022B3FF118001A8F43 /* ExpressNewsUITests */ = {
			isa = PBXGroup;
			children = (
				FFA59AFA2B4BF6540083D6E5 /* FilterViewControllerUITests.swift */,
			);
			path = ExpressNewsUITests;
			sourceTree = "<group>";
		};
		FF9888152B401527001A8F43 /* Home */ = {
			isa = PBXGroup;
			children = (
				FF9888182B4023D3001A8F43 /* HomeViewModel.swift */,
				FF9888162B401527001A8F43 /* HomeViewController.swift */,
				FF98881D2B4024E9001A8F43 /* CollectionCell */,
				FF98883F2B414E20001A8F43 /* TableHeader */,
				FF98881A2B402431001A8F43 /* TableCells */,
			);
			path = Home;
			sourceTree = "<group>";
		};
		FF98881A2B402431001A8F43 /* TableCells */ = {
			isa = PBXGroup;
			children = (
				FF88E22A2B500B7300B339F7 /* FeaturedNewsCellViewModel.swift */,
				FF98882A2B402B89001A8F43 /* FeaturedNewsCell.swift */,
				FF88E2312B5123AC00B339F7 /* NewsCellViewModel.swift */,
				FF98883B2B4141E6001A8F43 /* NewsCell.swift */,
			);
			path = TableCells;
			sourceTree = "<group>";
		};
		FF98881D2B4024E9001A8F43 /* CollectionCell */ = {
			isa = PBXGroup;
			children = (
				FF9888262B402B26001A8F43 /* FeaturedNewsItemCell.swift */,
				FFC873692B4EA0210080915E /* NewsTitleView.swift */,
			);
			path = CollectionCell;
			sourceTree = "<group>";
		};
		FF9888202B4025AD001A8F43 /* Models */ = {
			isa = PBXGroup;
			children = (
				FF9888442B417484001A8F43 /* NewsResponse.swift */,
				FF9888212B4025CA001A8F43 /* NewsArticle.swift */,
				FF9888462B4174B1001A8F43 /* ArticleSource.swift */,
				FF9888532B453638001A8F43 /* Source.swift */,
				FF9888552B453666001A8F43 /* Country.swift */,
				FF9888572B453685001A8F43 /* Language.swift */,
			);
			path = Models;
			sourceTree = "<group>";
		};
		FF98882E2B402FF7001A8F43 /* UIKitExtensions */ = {
			isa = PBXGroup;
			children = (
				FF3F0B172B55469B0044D115 /* UIViewController+Extension */,
				FF98887A2B46E700001A8F43 /* String+Extension.swift */,
				FF2D88E42B4D726D00501151 /* HostingContentConfiguration.swift */,
			);
			path = UIKitExtensions;
			sourceTree = "<group>";
		};
		FF9888322B404281001A8F43 /* Network */ = {
			isa = PBXGroup;
			children = (
				FF9888332B40434C001A8F43 /* APIClient.swift */,
				FF34110F2B46F6AA0094061E /* APIError.swift */,
				FF9888242B40261E001A8F43 /* NewsUseCase.swift */,
				FF9888592B4536C8001A8F43 /* FilterOptionsUseCase.swift */,
				FF9888352B413FAF001A8F43 /* NewsAPI.swift */,
				FF98885B2B4536FF001A8F43 /* FilterOptionsAPI.swift */,
				FF98885D2B453868001A8F43 /* DataProvider.swift */,
			);
			path = Network;
			sourceTree = "<group>";
		};
		FF9888392B414147001A8F43 /* Modules */ = {
			isa = PBXGroup;
			children = (
				FF9888152B401527001A8F43 /* Home */,
				FF9888492B4411A1001A8F43 /* NewsList */,
				FF9888702B457AC7001A8F43 /* NewsDetails */,
				FF9888692B456BA0001A8F43 /* SearchNews */,
				FF98884E2B452CE2001A8F43 /* Filter */,
			);
			path = Modules;
			sourceTree = "<group>";
		};
		FF98883F2B414E20001A8F43 /* TableHeader */ = {
			isa = PBXGroup;
			children = (
				FF9888402B414E4E001A8F43 /* NewsCategoryHeader.swift */,
			);
			path = TableHeader;
			sourceTree = "<group>";
		};
		FF9888492B4411A1001A8F43 /* NewsList */ = {
			isa = PBXGroup;
			children = (
				FF98884A2B4411E6001A8F43 /* NewsListViewModel.swift */,
				FF98884C2B44121E001A8F43 /* NewsListViewController.swift */,
			);
			path = NewsList;
			sourceTree = "<group>";
		};
		FF98884E2B452CE2001A8F43 /* Filter */ = {
			isa = PBXGroup;
			children = (
				FF98884F2B452D18001A8F43 /* FilterViewModel.swift */,
				FF9888512B452E4F001A8F43 /* FilterViewController.swift */,
			);
			path = Filter;
			sourceTree = "<group>";
		};
		FF98885F2B453BDB001A8F43 /* Resources */ = {
			isa = PBXGroup;
			children = (
				FF9888602B453BEB001A8F43 /* Json */,
			);
			path = Resources;
			sourceTree = "<group>";
		};
		FF9888602B453BEB001A8F43 /* Json */ = {
			isa = PBXGroup;
			children = (
				FF9888612B453C77001A8F43 /* countries.json */,
				FF9888632B453D4F001A8F43 /* languages.json */,
				FF9888652B453E73001A8F43 /* categories.json */,
				FF9888672B453FEA001A8F43 /* filterCategories.json */,
				FF3411302B47F40D0094061E /* news.json */,
				FF34114C2B480F470094061E /* sourcesResponse.json */,
			);
			path = Json;
			sourceTree = "<group>";
		};
		FF9888692B456BA0001A8F43 /* SearchNews */ = {
			isa = PBXGroup;
			children = (
				FF98886C2B456C2D001A8F43 /* SearchNewsViewModel.swift */,
				FF98886A2B456C0D001A8F43 /* SearchNewsListViewController.swift */,
			);
			path = SearchNews;
			sourceTree = "<group>";
		};
		FF9888702B457AC7001A8F43 /* NewsDetails */ = {
			isa = PBXGroup;
			children = (
				FF9888712B457AEE001A8F43 /* NewsDetailsViewModel.swift */,
				FF98886E2B457AB6001A8F43 /* NewsDetailsViewController.swift */,
				FF9888762B46BC9A001A8F43 /* NewsDetailView.swift */,
			);
			path = NewsDetails;
			sourceTree = "<group>";
		};
/* End PBXGroup section */

/* Begin PBXNativeTarget section */
		FF9887DE2B3FF114001A8F43 /* ExpressNews */ = {
			isa = PBXNativeTarget;
			buildConfigurationList = FF9888092B3FF118001A8F43 /* Build configuration list for PBXNativeTarget "ExpressNews" */;
			buildPhases = (
				FF9887DB2B3FF114001A8F43 /* Sources */,
				FF9887DC2B3FF114001A8F43 /* Frameworks */,
				FF9887DD2B3FF114001A8F43 /* Resources */,
			);
			buildRules = (
			);
			dependencies = (
			);
			name = ExpressNews;
			packageProductDependencies = (
				FFC873612B4E6F490080915E /* PromiseKit */,
				FFC873642B4E758C0080915E /* SDWebImage */,
				FFC873672B4E98610080915E /* SDWebImageSwiftUI */,
			);
			productName = ExpressNews;
			productReference = FF9887DF2B3FF114001A8F43 /* ExpressNews.app */;
			productType = "com.apple.product-type.application";
		};
		FF9887F42B3FF117001A8F43 /* ExpressNewsTests */ = {
			isa = PBXNativeTarget;
			buildConfigurationList = FF98880C2B3FF118001A8F43 /* Build configuration list for PBXNativeTarget "ExpressNewsTests" */;
			buildPhases = (
				FF9887F12B3FF117001A8F43 /* Sources */,
				FF9887F22B3FF117001A8F43 /* Frameworks */,
				FF9887F32B3FF117001A8F43 /* Resources */,
			);
			buildRules = (
			);
			dependencies = (
				FF9887F72B3FF117001A8F43 /* PBXTargetDependency */,
			);
			name = ExpressNewsTests;
			productName = ExpressNewsTests;
			productReference = FF9887F52B3FF117001A8F43 /* ExpressNewsTests.xctest */;
			productType = "com.apple.product-type.bundle.unit-test";
		};
		FF9887FE2B3FF118001A8F43 /* ExpressNewsUITests */ = {
			isa = PBXNativeTarget;
			buildConfigurationList = FF98880F2B3FF118001A8F43 /* Build configuration list for PBXNativeTarget "ExpressNewsUITests" */;
			buildPhases = (
				FF9887FB2B3FF118001A8F43 /* Sources */,
				FF9887FC2B3FF118001A8F43 /* Frameworks */,
				FF9887FD2B3FF118001A8F43 /* Resources */,
			);
			buildRules = (
			);
			dependencies = (
				FF9888012B3FF118001A8F43 /* PBXTargetDependency */,
			);
			name = ExpressNewsUITests;
			packageProductDependencies = (
				FFC8736B2B4FBE690080915E /* SDWebImage */,
			);
			productName = ExpressNewsUITests;
			productReference = FF9887FF2B3FF118001A8F43 /* ExpressNewsUITests.xctest */;
			productType = "com.apple.product-type.bundle.ui-testing";
		};
/* End PBXNativeTarget section */

/* Begin PBXProject section */
		FF9887D72B3FF114001A8F43 /* Project object */ = {
			isa = PBXProject;
			attributes = {
				BuildIndependentTargetsInParallel = 1;
				LastSwiftUpdateCheck = 1430;
				LastUpgradeCheck = 1430;
				TargetAttributes = {
					FF9887DE2B3FF114001A8F43 = {
						CreatedOnToolsVersion = 14.3;
					};
					FF9887F42B3FF117001A8F43 = {
						CreatedOnToolsVersion = 14.3;
						TestTargetID = FF9887DE2B3FF114001A8F43;
					};
					FF9887FE2B3FF118001A8F43 = {
						CreatedOnToolsVersion = 14.3;
						TestTargetID = FF9887DE2B3FF114001A8F43;
					};
				};
			};
			buildConfigurationList = FF9887DA2B3FF114001A8F43 /* Build configuration list for PBXProject "ExpressNews" */;
			compatibilityVersion = "Xcode 14.0";
			developmentRegion = en;
			hasScannedForEncodings = 0;
			knownRegions = (
				en,
				Base,
			);
			mainGroup = FF9887D62B3FF114001A8F43;
			packageReferences = (
				FFC873602B4E6F490080915E /* XCRemoteSwiftPackageReference "PromiseKit" */,
				FFC873632B4E758C0080915E /* XCRemoteSwiftPackageReference "SDWebImage" */,
				FFC873662B4E98610080915E /* XCRemoteSwiftPackageReference "SDWebImageSwiftUI" */,
			);
			productRefGroup = FF9887E02B3FF114001A8F43 /* Products */;
			projectDirPath = "";
			projectRoot = "";
			targets = (
				FF9887DE2B3FF114001A8F43 /* ExpressNews */,
				FF9887F42B3FF117001A8F43 /* ExpressNewsTests */,
				FF9887FE2B3FF118001A8F43 /* ExpressNewsUITests */,
			);
		};
/* End PBXProject section */

/* Begin PBXResourcesBuildPhase section */
		FF9887DD2B3FF114001A8F43 /* Resources */ = {
			isa = PBXResourcesBuildPhase;
			buildActionMask = 2147483647;
			files = (
				FF3F0B1F2B5679430044D115 /* Development.xcconfig in Resources */,
				FF9888622B453C77001A8F43 /* countries.json in Resources */,
				FF9888682B453FEA001A8F43 /* filterCategories.json in Resources */,
				FF9888662B453E73001A8F43 /* categories.json in Resources */,
				FF9887EF2B3FF117001A8F43 /* LaunchScreen.storyboard in Resources */,
				FF34114D2B480F470094061E /* sourcesResponse.json in Resources */,
				FF3411312B47F40D0094061E /* news.json in Resources */,
				FF9887EC2B3FF117001A8F43 /* Assets.xcassets in Resources */,
				FF9888642B453D4F001A8F43 /* languages.json in Resources */,
			);
			runOnlyForDeploymentPostprocessing = 0;
		};
		FF9887F32B3FF117001A8F43 /* Resources */ = {
			isa = PBXResourcesBuildPhase;
			buildActionMask = 2147483647;
			files = (
				FF3F0B202B5679490044D115 /* Development.xcconfig in Resources */,
				FF3411352B47F6880094061E /* news.json in Resources */,
				FF3411362B47F68B0094061E /* filterCategories.json in Resources */,
				FF3411382B47F6920094061E /* languages.json in Resources */,
				FF3411372B47F68F0094061E /* categories.json in Resources */,
				FF3411392B47F6950094061E /* countries.json in Resources */,
			);
			runOnlyForDeploymentPostprocessing = 0;
		};
		FF9887FD2B3FF118001A8F43 /* Resources */ = {
			isa = PBXResourcesBuildPhase;
			buildActionMask = 2147483647;
			files = (
				FF3F0B212B5679490044D115 /* Development.xcconfig in Resources */,
			);
			runOnlyForDeploymentPostprocessing = 0;
		};
/* End PBXResourcesBuildPhase section */

/* Begin PBXSourcesBuildPhase section */
		FF9887DB2B3FF114001A8F43 /* Sources */ = {
			isa = PBXSourcesBuildPhase;
			buildActionMask = 2147483647;
			files = (
				FF98885A2B4536C8001A8F43 /* FilterOptionsUseCase.swift in Sources */,
				FF3411132B46F8340094061E /* APIConstants.swift in Sources */,
				FF98887B2B46E700001A8F43 /* String+Extension.swift in Sources */,
				FF3411102B46F6AA0094061E /* APIError.swift in Sources */,
				FF9888412B414E4E001A8F43 /* NewsCategoryHeader.swift in Sources */,
				FF3F0B272B5684DA0044D115 /* AppConfiguration.swift in Sources */,
				FF98886D2B456C2D001A8F43 /* SearchNewsViewModel.swift in Sources */,
				FF9887E32B3FF114001A8F43 /* AppDelegate.swift in Sources */,
				FF3F0B1C2B554C730044D115 /* NewsAppCoordinator.swift in Sources */,
				FF9888472B4174B1001A8F43 /* ArticleSource.swift in Sources */,
				FF98882C2B402B89001A8F43 /* FeaturedNewsCell.swift in Sources */,
				FF98884B2B4411E6001A8F43 /* NewsListViewModel.swift in Sources */,
				FF9888502B452D19001A8F43 /* FilterViewModel.swift in Sources */,
				FF9888282B402B26001A8F43 /* FeaturedNewsItemCell.swift in Sources */,
				FF3F0B292B56899A0044D115 /* MockAPIError.swift in Sources */,
				FF9887E52B3FF114001A8F43 /* SceneDelegate.swift in Sources */,
				FFC8736A2B4EA0210080915E /* NewsTitleView.swift in Sources */,
				FF88E22B2B500B7300B339F7 /* FeaturedNewsCellViewModel.swift in Sources */,
				FF9888342B40434C001A8F43 /* APIClient.swift in Sources */,
				FF9888222B4025CA001A8F43 /* NewsArticle.swift in Sources */,
				FF98885E2B453868001A8F43 /* DataProvider.swift in Sources */,
				FF9888722B457AEE001A8F43 /* NewsDetailsViewModel.swift in Sources */,
				FF9888252B40261E001A8F43 /* NewsUseCase.swift in Sources */,
				FF9888192B4023D3001A8F43 /* HomeViewModel.swift in Sources */,
				FF9888782B46BC9A001A8F43 /* NewsDetailView.swift in Sources */,
				FF3F0B1A2B554C490044D115 /* Coordinator.swift in Sources */,
				FF2D88E52B4D726D00501151 /* HostingContentConfiguration.swift in Sources */,
				FF3F0B162B55463E0044D115 /* UIViewController+ActivityIndicator.swift in Sources */,
				FF9888522B452E4F001A8F43 /* FilterViewController.swift in Sources */,
				FF9888452B417484001A8F43 /* NewsResponse.swift in Sources */,
				FF3F0B282B5689980044D115 /* MockNewsAPI.swift in Sources */,
				FF88E2322B5123AC00B339F7 /* NewsCellViewModel.swift in Sources */,
				FF98885C2B4536FF001A8F43 /* FilterOptionsAPI.swift in Sources */,
				FF9888172B401527001A8F43 /* HomeViewController.swift in Sources */,
				FF9888542B453638001A8F43 /* Source.swift in Sources */,
				FF3F0B142B5546130044D115 /* UIViewController+APIError.swift in Sources */,
				FF9888562B453666001A8F43 /* Country.swift in Sources */,
				FF98884D2B44121E001A8F43 /* NewsListViewController.swift in Sources */,
				FF3F0B122B5545DE0044D115 /* UIViewController+NavigationBarButton.swift in Sources */,
				FF98886B2B456C0D001A8F43 /* SearchNewsListViewController.swift in Sources */,
				FF98883D2B4141E6001A8F43 /* NewsCell.swift in Sources */,
				FF9888582B453685001A8F43 /* Language.swift in Sources */,
				FF9888362B413FAF001A8F43 /* NewsAPI.swift in Sources */,
				FF98886F2B457AB6001A8F43 /* NewsDetailsViewController.swift in Sources */,
				FF3411152B46F8690094061E /* Constants.swift in Sources */,
				FF3F0B2A2B56899E0044D115 /* MockFilterOptionsAPI.swift in Sources */,
			);
			runOnlyForDeploymentPostprocessing = 0;
		};
		FF9887F12B3FF117001A8F43 /* Sources */ = {
			isa = PBXSourcesBuildPhase;
			buildActionMask = 2147483647;
			files = (
				FF3411342B47F6820094061E /* MockNewsAPI.swift in Sources */,
				FF3411242B47E4740094061E /* Source.swift in Sources */,
				FF3411462B4802FD0094061E /* NewsDetailsViewModelTests.swift in Sources */,
				FF3411532B4812600094061E /* FilterOptionsAPI.swift in Sources */,
				FF3411492B48045F0094061E /* SearchNewsViewModel.swift in Sources */,
				FF3411332B47F64F0094061E /* HomeViewModelTests.swift in Sources */,
				FF34113A2B47F6A00094061E /* HomeViewModel.swift in Sources */,
				FF3411262B47E47A0094061E /* Language.swift in Sources */,
				FF88E22E2B5010A400B339F7 /* FeaturedNewsCellViewModel.swift in Sources */,
				FF3411402B47F8EC0094061E /* APIClient.swift in Sources */,
				FF34113D2B47F8C70094061E /* APIConstants.swift in Sources */,
				FF3411252B47E4770094061E /* Country.swift in Sources */,
				FF88E2382B512D2400B339F7 /* NewsCellViewModel.swift in Sources */,
				FF34113B2B47F88E0094061E /* NewsUseCase.swift in Sources */,
				FF3411222B47E45D0094061E /* NewsArticle.swift in Sources */,
				FF88E2372B512CE200B339F7 /* NewsCellViewModelTests.swift in Sources */,
				FF34112B2B47EB480094061E /* StringExtensionTests.swift in Sources */,
				FF3411292B47E4A50094061E /* String+Extension.swift in Sources */,
				FF34113C2B47F8A20094061E /* NewsAPI.swift in Sources */,
				FF3411522B4812520094061E /* FilterOptionsUseCase.swift in Sources */,
				FF3411442B4802880094061E /* NewsDetailsViewModel.swift in Sources */,
				FF34114F2B48100C0094061E /* FilterViewModelTests.swift in Sources */,
				FF3411232B47E4710094061E /* ArticleSource.swift in Sources */,
				FF3411422B47FEF80094061E /* NewsListViewModelTests.swift in Sources */,
				FF3411202B47E24C0094061E /* NewsCategoryHeader.swift in Sources */,
				FF3411272B47E47E0094061E /* NewsResponse.swift in Sources */,
				FF3411512B4810480094061E /* MockFilterOptionsAPI.swift in Sources */,
				FF3411502B4810330094061E /* FilterViewModel.swift in Sources */,
				FF3411482B4804470094061E /* SearchNewsViewModelTests.swift in Sources */,
				FF34111E2B47E2410094061E /* NewsCell.swift in Sources */,
				FF3411282B47E4A00094061E /* Constants.swift in Sources */,
				FF3411542B4813050094061E /* DataProvider.swift in Sources */,
				FF34113E2B47F8D70094061E /* MockAPIError.swift in Sources */,
				FF34113F2B47F8DA0094061E /* APIError.swift in Sources */,
				FF88E22D2B50109700B339F7 /* FeaturedNewsCellModelTests.swift in Sources */,
				FF3411432B47FF030094061E /* NewsListViewModel.swift in Sources */,
			);
			runOnlyForDeploymentPostprocessing = 0;
		};
		FF9887FB2B3FF118001A8F43 /* Sources */ = {
			isa = PBXSourcesBuildPhase;
			buildActionMask = 2147483647;
			files = (
				FFA59AFB2B4BF6540083D6E5 /* FilterViewControllerUITests.swift in Sources */,
			);
			runOnlyForDeploymentPostprocessing = 0;
		};
/* End PBXSourcesBuildPhase section */

/* Begin PBXTargetDependency section */
		FF9887F72B3FF117001A8F43 /* PBXTargetDependency */ = {
			isa = PBXTargetDependency;
			target = FF9887DE2B3FF114001A8F43 /* ExpressNews */;
			targetProxy = FF9887F62B3FF117001A8F43 /* PBXContainerItemProxy */;
		};
		FF9888012B3FF118001A8F43 /* PBXTargetDependency */ = {
			isa = PBXTargetDependency;
			target = FF9887DE2B3FF114001A8F43 /* ExpressNews */;
			targetProxy = FF9888002B3FF118001A8F43 /* PBXContainerItemProxy */;
		};
/* End PBXTargetDependency section */

/* Begin PBXVariantGroup section */
		FF9887ED2B3FF117001A8F43 /* LaunchScreen.storyboard */ = {
			isa = PBXVariantGroup;
			children = (
				FF9887EE2B3FF117001A8F43 /* Base */,
			);
			name = LaunchScreen.storyboard;
			sourceTree = "<group>";
		};
/* End PBXVariantGroup section */

/* Begin XCBuildConfiguration section */
		FF9888072B3FF118001A8F43 /* Debug */ = {
			isa = XCBuildConfiguration;
			baseConfigurationReference = FF3F0B1E2B5679430044D115 /* Development.xcconfig */;
			buildSettings = {
				ALWAYS_SEARCH_USER_PATHS = NO;
				CLANG_ANALYZER_NONNULL = YES;
				CLANG_ANALYZER_NUMBER_OBJECT_CONVERSION = YES_AGGRESSIVE;
				CLANG_CXX_LANGUAGE_STANDARD = "gnu++20";
				CLANG_ENABLE_MODULES = YES;
				CLANG_ENABLE_OBJC_ARC = YES;
				CLANG_ENABLE_OBJC_WEAK = YES;
				CLANG_WARN_BLOCK_CAPTURE_AUTORELEASING = YES;
				CLANG_WARN_BOOL_CONVERSION = YES;
				CLANG_WARN_COMMA = YES;
				CLANG_WARN_CONSTANT_CONVERSION = YES;
				CLANG_WARN_DEPRECATED_OBJC_IMPLEMENTATIONS = YES;
				CLANG_WARN_DIRECT_OBJC_ISA_USAGE = YES_ERROR;
				CLANG_WARN_DOCUMENTATION_COMMENTS = YES;
				CLANG_WARN_EMPTY_BODY = YES;
				CLANG_WARN_ENUM_CONVERSION = YES;
				CLANG_WARN_INFINITE_RECURSION = YES;
				CLANG_WARN_INT_CONVERSION = YES;
				CLANG_WARN_NON_LITERAL_NULL_CONVERSION = YES;
				CLANG_WARN_OBJC_IMPLICIT_RETAIN_SELF = YES;
				CLANG_WARN_OBJC_LITERAL_CONVERSION = YES;
				CLANG_WARN_OBJC_ROOT_CLASS = YES_ERROR;
				CLANG_WARN_QUOTED_INCLUDE_IN_FRAMEWORK_HEADER = YES;
				CLANG_WARN_RANGE_LOOP_ANALYSIS = YES;
				CLANG_WARN_STRICT_PROTOTYPES = YES;
				CLANG_WARN_SUSPICIOUS_MOVE = YES;
				CLANG_WARN_UNGUARDED_AVAILABILITY = YES_AGGRESSIVE;
				CLANG_WARN_UNREACHABLE_CODE = YES;
				CLANG_WARN__DUPLICATE_METHOD_MATCH = YES;
				COPY_PHASE_STRIP = NO;
				DEBUG_INFORMATION_FORMAT = dwarf;
				ENABLE_STRICT_OBJC_MSGSEND = YES;
				ENABLE_TESTABILITY = YES;
				GCC_C_LANGUAGE_STANDARD = gnu11;
				GCC_DYNAMIC_NO_PIC = NO;
				GCC_NO_COMMON_BLOCKS = YES;
				GCC_OPTIMIZATION_LEVEL = 0;
				GCC_PREPROCESSOR_DEFINITIONS = (
					"DEBUG=1",
					"$(inherited)",
				);
				GCC_WARN_64_TO_32_BIT_CONVERSION = YES;
				GCC_WARN_ABOUT_RETURN_TYPE = YES_ERROR;
				GCC_WARN_UNDECLARED_SELECTOR = YES;
				GCC_WARN_UNINITIALIZED_AUTOS = YES_AGGRESSIVE;
				GCC_WARN_UNUSED_FUNCTION = YES;
				GCC_WARN_UNUSED_VARIABLE = YES;
				IPHONEOS_DEPLOYMENT_TARGET = 14.0;
				MTL_ENABLE_DEBUG_INFO = INCLUDE_SOURCE;
				MTL_FAST_MATH = YES;
				ONLY_ACTIVE_ARCH = YES;
				SDKROOT = iphoneos;
				SWIFT_ACTIVE_COMPILATION_CONDITIONS = DEBUG;
				SWIFT_OPTIMIZATION_LEVEL = "-Onone";
			};
			name = Debug;
		};
		FF9888082B3FF118001A8F43 /* Release */ = {
			isa = XCBuildConfiguration;
			baseConfigurationReference = FF3F0B1E2B5679430044D115 /* Development.xcconfig */;
			buildSettings = {
				ALWAYS_SEARCH_USER_PATHS = NO;
				CLANG_ANALYZER_NONNULL = YES;
				CLANG_ANALYZER_NUMBER_OBJECT_CONVERSION = YES_AGGRESSIVE;
				CLANG_CXX_LANGUAGE_STANDARD = "gnu++20";
				CLANG_ENABLE_MODULES = YES;
				CLANG_ENABLE_OBJC_ARC = YES;
				CLANG_ENABLE_OBJC_WEAK = YES;
				CLANG_WARN_BLOCK_CAPTURE_AUTORELEASING = YES;
				CLANG_WARN_BOOL_CONVERSION = YES;
				CLANG_WARN_COMMA = YES;
				CLANG_WARN_CONSTANT_CONVERSION = YES;
				CLANG_WARN_DEPRECATED_OBJC_IMPLEMENTATIONS = YES;
				CLANG_WARN_DIRECT_OBJC_ISA_USAGE = YES_ERROR;
				CLANG_WARN_DOCUMENTATION_COMMENTS = YES;
				CLANG_WARN_EMPTY_BODY = YES;
				CLANG_WARN_ENUM_CONVERSION = YES;
				CLANG_WARN_INFINITE_RECURSION = YES;
				CLANG_WARN_INT_CONVERSION = YES;
				CLANG_WARN_NON_LITERAL_NULL_CONVERSION = YES;
				CLANG_WARN_OBJC_IMPLICIT_RETAIN_SELF = YES;
				CLANG_WARN_OBJC_LITERAL_CONVERSION = YES;
				CLANG_WARN_OBJC_ROOT_CLASS = YES_ERROR;
				CLANG_WARN_QUOTED_INCLUDE_IN_FRAMEWORK_HEADER = YES;
				CLANG_WARN_RANGE_LOOP_ANALYSIS = YES;
				CLANG_WARN_STRICT_PROTOTYPES = YES;
				CLANG_WARN_SUSPICIOUS_MOVE = YES;
				CLANG_WARN_UNGUARDED_AVAILABILITY = YES_AGGRESSIVE;
				CLANG_WARN_UNREACHABLE_CODE = YES;
				CLANG_WARN__DUPLICATE_METHOD_MATCH = YES;
				COPY_PHASE_STRIP = NO;
				DEBUG_INFORMATION_FORMAT = "dwarf-with-dsym";
				ENABLE_NS_ASSERTIONS = NO;
				ENABLE_STRICT_OBJC_MSGSEND = YES;
				GCC_C_LANGUAGE_STANDARD = gnu11;
				GCC_NO_COMMON_BLOCKS = YES;
				GCC_WARN_64_TO_32_BIT_CONVERSION = YES;
				GCC_WARN_ABOUT_RETURN_TYPE = YES_ERROR;
				GCC_WARN_UNDECLARED_SELECTOR = YES;
				GCC_WARN_UNINITIALIZED_AUTOS = YES_AGGRESSIVE;
				GCC_WARN_UNUSED_FUNCTION = YES;
				GCC_WARN_UNUSED_VARIABLE = YES;
				IPHONEOS_DEPLOYMENT_TARGET = 14.0;
				MTL_ENABLE_DEBUG_INFO = NO;
				MTL_FAST_MATH = YES;
				SDKROOT = iphoneos;
				SWIFT_COMPILATION_MODE = wholemodule;
				SWIFT_OPTIMIZATION_LEVEL = "-O";
				VALIDATE_PRODUCT = YES;
			};
			name = Release;
		};
		FF98880A2B3FF118001A8F43 /* Debug */ = {
			isa = XCBuildConfiguration;
			buildSettings = {
				ASSETCATALOG_COMPILER_APPICON_NAME = AppIcon;
				ASSETCATALOG_COMPILER_GLOBAL_ACCENT_COLOR_NAME = AccentColor;
				CODE_SIGN_STYLE = Automatic;
				CURRENT_PROJECT_VERSION = 1;
				GENERATE_INFOPLIST_FILE = YES;
				INFOPLIST_FILE = ExpressNews/Info.plist;
				INFOPLIST_KEY_CFBundleDisplayName = "Express News";
				INFOPLIST_KEY_UIApplicationSupportsIndirectInputEvents = YES;
				INFOPLIST_KEY_UILaunchStoryboardName = LaunchScreen.storyboard;
				INFOPLIST_KEY_UIMainStoryboardFile = "";
				INFOPLIST_KEY_UIStatusBarStyle = UIStatusBarStyleDarkContent;
				INFOPLIST_KEY_UISupportedInterfaceOrientations_iPad = "UIInterfaceOrientationPortrait UIInterfaceOrientationPortraitUpsideDown UIInterfaceOrientationLandscapeLeft UIInterfaceOrientationLandscapeRight";
				INFOPLIST_KEY_UISupportedInterfaceOrientations_iPhone = "UIInterfaceOrientationPortrait UIInterfaceOrientationLandscapeLeft UIInterfaceOrientationLandscapeRight";
				IPHONEOS_DEPLOYMENT_TARGET = 14.0;
				LD_RUNPATH_SEARCH_PATHS = (
					"$(inherited)",
					"@executable_path/Frameworks",
				);
				MARKETING_VERSION = 1.0;
				PRODUCT_BUNDLE_IDENTIFIER = Sapient.ExpressNews;
				PRODUCT_NAME = "$(TARGET_NAME)";
				SUPPORTED_PLATFORMS = "iphoneos iphonesimulator";
				SUPPORTS_MACCATALYST = NO;
				SUPPORTS_MAC_DESIGNED_FOR_IPHONE_IPAD = NO;
				SUPPORTS_XR_DESIGNED_FOR_IPHONE_IPAD = NO;
				SWIFT_EMIT_LOC_STRINGS = YES;
				SWIFT_VERSION = 5.0;
				TARGETED_DEVICE_FAMILY = 1;
			};
			name = Debug;
		};
		FF98880B2B3FF118001A8F43 /* Release */ = {
			isa = XCBuildConfiguration;
			buildSettings = {
				ASSETCATALOG_COMPILER_APPICON_NAME = AppIcon;
				ASSETCATALOG_COMPILER_GLOBAL_ACCENT_COLOR_NAME = AccentColor;
				CODE_SIGN_STYLE = Automatic;
				CURRENT_PROJECT_VERSION = 1;
				GENERATE_INFOPLIST_FILE = YES;
				INFOPLIST_FILE = ExpressNews/Info.plist;
				INFOPLIST_KEY_CFBundleDisplayName = "Express News";
				INFOPLIST_KEY_UIApplicationSupportsIndirectInputEvents = YES;
				INFOPLIST_KEY_UILaunchStoryboardName = LaunchScreen.storyboard;
				INFOPLIST_KEY_UIMainStoryboardFile = "";
				INFOPLIST_KEY_UIStatusBarStyle = UIStatusBarStyleDarkContent;
				INFOPLIST_KEY_UISupportedInterfaceOrientations_iPad = "UIInterfaceOrientationPortrait UIInterfaceOrientationPortraitUpsideDown UIInterfaceOrientationLandscapeLeft UIInterfaceOrientationLandscapeRight";
				INFOPLIST_KEY_UISupportedInterfaceOrientations_iPhone = "UIInterfaceOrientationPortrait UIInterfaceOrientationLandscapeLeft UIInterfaceOrientationLandscapeRight";
				IPHONEOS_DEPLOYMENT_TARGET = 14.0;
				LD_RUNPATH_SEARCH_PATHS = (
					"$(inherited)",
					"@executable_path/Frameworks",
				);
				MARKETING_VERSION = 1.0;
				PRODUCT_BUNDLE_IDENTIFIER = Sapient.ExpressNews;
				PRODUCT_NAME = "$(TARGET_NAME)";
				SUPPORTED_PLATFORMS = "iphoneos iphonesimulator";
				SUPPORTS_MACCATALYST = NO;
				SUPPORTS_MAC_DESIGNED_FOR_IPHONE_IPAD = NO;
				SUPPORTS_XR_DESIGNED_FOR_IPHONE_IPAD = NO;
				SWIFT_EMIT_LOC_STRINGS = YES;
				SWIFT_VERSION = 5.0;
				TARGETED_DEVICE_FAMILY = 1;
			};
			name = Release;
		};
		FF98880D2B3FF118001A8F43 /* Debug */ = {
			isa = XCBuildConfiguration;
			buildSettings = {
				ALWAYS_EMBED_SWIFT_STANDARD_LIBRARIES = YES;
				BUNDLE_LOADER = "$(TEST_HOST)";
				CODE_SIGN_STYLE = Automatic;
				CURRENT_PROJECT_VERSION = 1;
				GENERATE_INFOPLIST_FILE = YES;
				IPHONEOS_DEPLOYMENT_TARGET = 14.0;
				MARKETING_VERSION = 1.0;
				PRODUCT_BUNDLE_IDENTIFIER = Sapient.ExpressNewsTests;
				PRODUCT_NAME = "$(TARGET_NAME)";
				SWIFT_EMIT_LOC_STRINGS = NO;
				SWIFT_VERSION = 5.0;
				TARGETED_DEVICE_FAMILY = "1,2";
				TEST_HOST = "$(BUILT_PRODUCTS_DIR)/ExpressNews.app/$(BUNDLE_EXECUTABLE_FOLDER_PATH)/ExpressNews";
			};
			name = Debug;
		};
		FF98880E2B3FF118001A8F43 /* Release */ = {
			isa = XCBuildConfiguration;
			buildSettings = {
				ALWAYS_EMBED_SWIFT_STANDARD_LIBRARIES = YES;
				BUNDLE_LOADER = "$(TEST_HOST)";
				CODE_SIGN_STYLE = Automatic;
				CURRENT_PROJECT_VERSION = 1;
				GENERATE_INFOPLIST_FILE = YES;
				IPHONEOS_DEPLOYMENT_TARGET = 14.0;
				MARKETING_VERSION = 1.0;
				PRODUCT_BUNDLE_IDENTIFIER = Sapient.ExpressNewsTests;
				PRODUCT_NAME = "$(TARGET_NAME)";
				SWIFT_EMIT_LOC_STRINGS = NO;
				SWIFT_VERSION = 5.0;
				TARGETED_DEVICE_FAMILY = "1,2";
				TEST_HOST = "$(BUILT_PRODUCTS_DIR)/ExpressNews.app/$(BUNDLE_EXECUTABLE_FOLDER_PATH)/ExpressNews";
			};
			name = Release;
		};
		FF9888102B3FF118001A8F43 /* Debug */ = {
			isa = XCBuildConfiguration;
			buildSettings = {
				ALWAYS_EMBED_SWIFT_STANDARD_LIBRARIES = YES;
				CODE_SIGN_STYLE = Automatic;
				CURRENT_PROJECT_VERSION = 1;
				GENERATE_INFOPLIST_FILE = YES;
				MARKETING_VERSION = 1.0;
				PRODUCT_BUNDLE_IDENTIFIER = Sapient.ExpressNewsUITests;
				PRODUCT_NAME = "$(TARGET_NAME)";
				SWIFT_EMIT_LOC_STRINGS = NO;
				SWIFT_VERSION = 5.0;
				TARGETED_DEVICE_FAMILY = "1,2";
				TEST_TARGET_NAME = ExpressNews;
			};
			name = Debug;
		};
		FF9888112B3FF118001A8F43 /* Release */ = {
			isa = XCBuildConfiguration;
			buildSettings = {
				ALWAYS_EMBED_SWIFT_STANDARD_LIBRARIES = YES;
				CODE_SIGN_STYLE = Automatic;
				CURRENT_PROJECT_VERSION = 1;
				GENERATE_INFOPLIST_FILE = YES;
				MARKETING_VERSION = 1.0;
				PRODUCT_BUNDLE_IDENTIFIER = Sapient.ExpressNewsUITests;
				PRODUCT_NAME = "$(TARGET_NAME)";
				SWIFT_EMIT_LOC_STRINGS = NO;
				SWIFT_VERSION = 5.0;
				TARGETED_DEVICE_FAMILY = "1,2";
				TEST_TARGET_NAME = ExpressNews;
			};
			name = Release;
		};
/* End XCBuildConfiguration section */

/* Begin XCConfigurationList section */
		FF9887DA2B3FF114001A8F43 /* Build configuration list for PBXProject "ExpressNews" */ = {
			isa = XCConfigurationList;
			buildConfigurations = (
				FF9888072B3FF118001A8F43 /* Debug */,
				FF9888082B3FF118001A8F43 /* Release */,
			);
			defaultConfigurationIsVisible = 0;
			defaultConfigurationName = Release;
		};
		FF9888092B3FF118001A8F43 /* Build configuration list for PBXNativeTarget "ExpressNews" */ = {
			isa = XCConfigurationList;
			buildConfigurations = (
				FF98880A2B3FF118001A8F43 /* Debug */,
				FF98880B2B3FF118001A8F43 /* Release */,
			);
			defaultConfigurationIsVisible = 0;
			defaultConfigurationName = Release;
		};
		FF98880C2B3FF118001A8F43 /* Build configuration list for PBXNativeTarget "ExpressNewsTests" */ = {
			isa = XCConfigurationList;
			buildConfigurations = (
				FF98880D2B3FF118001A8F43 /* Debug */,
				FF98880E2B3FF118001A8F43 /* Release */,
			);
			defaultConfigurationIsVisible = 0;
			defaultConfigurationName = Release;
		};
		FF98880F2B3FF118001A8F43 /* Build configuration list for PBXNativeTarget "ExpressNewsUITests" */ = {
			isa = XCConfigurationList;
			buildConfigurations = (
				FF9888102B3FF118001A8F43 /* Debug */,
				FF9888112B3FF118001A8F43 /* Release */,
			);
			defaultConfigurationIsVisible = 0;
			defaultConfigurationName = Release;
		};
/* End XCConfigurationList section */

/* Begin XCRemoteSwiftPackageReference section */
		FFC873602B4E6F490080915E /* XCRemoteSwiftPackageReference "PromiseKit" */ = {
			isa = XCRemoteSwiftPackageReference;
			repositoryURL = "https://github.com/mxcl/PromiseKit.git";
			requirement = {
				kind = upToNextMajorVersion;
				minimumVersion = 8.1.1;
			};
		};
		FFC873632B4E758C0080915E /* XCRemoteSwiftPackageReference "SDWebImage" */ = {
			isa = XCRemoteSwiftPackageReference;
			repositoryURL = "https://github.com/SDWebImage/SDWebImage.git";
			requirement = {
				kind = upToNextMajorVersion;
				minimumVersion = 5.18.8;
			};
		};
		FFC873662B4E98610080915E /* XCRemoteSwiftPackageReference "SDWebImageSwiftUI" */ = {
			isa = XCRemoteSwiftPackageReference;
			repositoryURL = "https://github.com/SDWebImage/SDWebImageSwiftUI.git";
			requirement = {
				kind = upToNextMajorVersion;
				minimumVersion = 2.2.6;
			};
		};
/* End XCRemoteSwiftPackageReference section */

/* Begin XCSwiftPackageProductDependency section */
		FFC873612B4E6F490080915E /* PromiseKit */ = {
			isa = XCSwiftPackageProductDependency;
			package = FFC873602B4E6F490080915E /* XCRemoteSwiftPackageReference "PromiseKit" */;
			productName = PromiseKit;
		};
		FFC873642B4E758C0080915E /* SDWebImage */ = {
			isa = XCSwiftPackageProductDependency;
			package = FFC873632B4E758C0080915E /* XCRemoteSwiftPackageReference "SDWebImage" */;
			productName = SDWebImage;
		};
		FFC873672B4E98610080915E /* SDWebImageSwiftUI */ = {
			isa = XCSwiftPackageProductDependency;
			package = FFC873662B4E98610080915E /* XCRemoteSwiftPackageReference "SDWebImageSwiftUI" */;
			productName = SDWebImageSwiftUI;
		};
		FFC8736B2B4FBE690080915E /* SDWebImage */ = {
			isa = XCSwiftPackageProductDependency;
			package = FFC873632B4E758C0080915E /* XCRemoteSwiftPackageReference "SDWebImage" */;
			productName = SDWebImage;
		};
/* End XCSwiftPackageProductDependency section */
	};
	rootObject = FF9887D72B3FF114001A8F43 /* Project object */;
}
