PODS:
  - ANActivityIndicator (1.2.0)
  - PromiseKit (8.1.1):
    - PromiseKit/CorePromise (= 8.1.1)
    - PromiseKit/Foundation (= 8.1.1)
    - PromiseKit/UIKit (= 8.1.1)
  - PromiseKit/CorePromise (8.1.1)
  - PromiseKit/Foundation (8.1.1):
    - PromiseKit/CorePromise
  - PromiseKit/UIKit (8.1.1):
    - PromiseKit/CorePromise
  - SDWebImage (5.18.8):
    - SDWebImage/Core (= 5.18.8)
  - SDWebImage/Core (5.18.8)

DEPENDENCIES:
  - ANActivityIndicator
  - PromiseKit
  - SDWebImage

SPEC REPOS:
  trunk:
    - ANActivityIndicator
    - PromiseKit
    - SDWebImage

SPEC CHECKSUMS:
  ANActivityIndicator: 44a996931d0c554cf157b31056603b23bbdbe76a
  PromiseKit: d1be44b474e5acfa16adf007a1f49f104e10fead
  SDWebImage: a81bbb3ba4ea5f810f4069c68727cb118467a04a

PODFILE CHECKSUM: 201e18214ba7dcabe1a6856a0bcb3369b809dbf6

COCOAPODS: 1.14.3
